
Microsoft Visual Studio Solution File, Format Version 12.00
# Visual Studio Version 17
VisualStudioVersion = 17.5.33414.496
MinimumVisualStudioVersion = 10.0.40219.1
Project("{F184B08F-C81C-45F6-A57F-5ABD9991F28F}") = "Calculo de galones", "Calculo de galones\Calculo de galones.vbproj", "{9EB2DBBF-9BEB-4008-89FE-C6749D959A91}"
EndProject
Global
	GlobalSection(SolutionConfigurationPlatforms) = preSolution
		Debug|Any CPU = Debug|Any CPU
		Release|Any CPU = Release|Any CPU
	EndGlobalSection
	GlobalSection(ProjectConfigurationPlatforms) = postSolution
		{9EB2DBBF-9BEB-4008-89FE-C6749D959A91}.Debug|Any CPU.ActiveCfg = Debug|Any CPU
		{9EB2DBBF-9BEB-4008-89FE-C6749D959A91}.Debug|Any CPU.Build.0 = Debug|Any CPU
		{9EB2DBBF-9BEB-4008-89FE-C6749D959A91}.Release|Any CPU.ActiveCfg = Release|Any CPU
		{9EB2DBBF-9BEB-4008-89FE-C6749D959A91}.Release|Any CPU.Build.0 = Release|Any CPU
	EndGlobalSection
	GlobalSection(SolutionProperties) = preSolution
		HideSolutionNode = FALSE
	EndGlobalSection
	GlobalSection(ExtensibilityGlobals) = postSolution
		SolutionGuid = {2D05664B-DD96-4C1B-B1AF-4C76CB521125}
	EndGlobalSection
EndGlobal
