
Microsoft Visual Studio Solution File, Format Version 12.00
# Visual Studio Version 17
VisualStudioVersion = 17.5.33414.496
MinimumVisualStudioVersion = 10.0.40219.1
Project("{F184B08F-C81C-45F6-A57F-5ABD9991F28F}") = "Calculo de promedios", "Calculo de promedios\Calculo de promedios.vbproj", "{0DC8BFE7-394F-4E15-99E7-B7A806AF6747}"
EndProject
Global
	GlobalSection(SolutionConfigurationPlatforms) = preSolution
		Debug|Any CPU = Debug|Any CPU
		Release|Any CPU = Release|Any CPU
	EndGlobalSection
	GlobalSection(ProjectConfigurationPlatforms) = postSolution
		{0DC8BFE7-394F-4E15-99E7-B7A806AF6747}.Debug|Any CPU.ActiveCfg = Debug|Any CPU
		{0DC8BFE7-394F-4E15-99E7-B7A806AF6747}.Debug|Any CPU.Build.0 = Debug|Any CPU
		{0DC8BFE7-394F-4E15-99E7-B7A806AF6747}.Release|Any CPU.ActiveCfg = Release|Any CPU
		{0DC8BFE7-394F-4E15-99E7-B7A806AF6747}.Release|Any CPU.Build.0 = Release|Any CPU
	EndGlobalSection
	GlobalSection(SolutionProperties) = preSolution
		HideSolutionNode = FALSE
	EndGlobalSection
	GlobalSection(ExtensibilityGlobals) = postSolution
		SolutionGuid = {DF0E62AD-24DD-4C30-8BB5-D233581DF0D6}
	EndGlobalSection
EndGlobal
