
Microsoft Visual Studio Solution File, Format Version 12.00
# Visual Studio Version 17
VisualStudioVersion = 17.5.33414.496
MinimumVisualStudioVersion = 10.0.40219.1
Project("{F184B08F-C81C-45F6-A57F-5ABD9991F28F}") = "Nota y especificar", "Nota y especificar\Nota y especificar.vbproj", "{55B1A8F1-DFE4-46E9-9238-F8E0C2808837}"
EndProject
Global
	GlobalSection(SolutionConfigurationPlatforms) = preSolution
		Debug|Any CPU = Debug|Any CPU
		Release|Any CPU = Release|Any CPU
	EndGlobalSection
	GlobalSection(ProjectConfigurationPlatforms) = postSolution
		{55B1A8F1-DFE4-46E9-9238-F8E0C2808837}.Debug|Any CPU.ActiveCfg = Debug|Any CPU
		{55B1A8F1-DFE4-46E9-9238-F8E0C2808837}.Debug|Any CPU.Build.0 = Debug|Any CPU
		{55B1A8F1-DFE4-46E9-9238-F8E0C2808837}.Release|Any CPU.ActiveCfg = Release|Any CPU
		{55B1A8F1-DFE4-46E9-9238-F8E0C2808837}.Release|Any CPU.Build.0 = Release|Any CPU
	EndGlobalSection
	GlobalSection(SolutionProperties) = preSolution
		HideSolutionNode = FALSE
	EndGlobalSection
	GlobalSection(ExtensibilityGlobals) = postSolution
		SolutionGuid = {BF98EBB7-3B6C-4D47-91E3-3C8A64BFA571}
	EndGlobalSection
EndGlobal
