
Microsoft Visual Studio Solution File, Format Version 12.00
# Visual Studio Version 17
VisualStudioVersion = 17.5.33414.496
MinimumVisualStudioVersion = 10.0.40219.1
Project("{F184B08F-C81C-45F6-A57F-5ABD9991F28F}") = "Verificador de numero", "Verificador de numero\Verificador de numero.vbproj", "{24E70FD4-CE51-4C6F-BDA4-C305AAF5E0BB}"
EndProject
Global
	GlobalSection(SolutionConfigurationPlatforms) = preSolution
		Debug|Any CPU = Debug|Any CPU
		Release|Any CPU = Release|Any CPU
	EndGlobalSection
	GlobalSection(ProjectConfigurationPlatforms) = postSolution
		{24E70FD4-CE51-4C6F-BDA4-C305AAF5E0BB}.Debug|Any CPU.ActiveCfg = Debug|Any CPU
		{24E70FD4-CE51-4C6F-BDA4-C305AAF5E0BB}.Debug|Any CPU.Build.0 = Debug|Any CPU
		{24E70FD4-CE51-4C6F-BDA4-C305AAF5E0BB}.Release|Any CPU.ActiveCfg = Release|Any CPU
		{24E70FD4-CE51-4C6F-BDA4-C305AAF5E0BB}.Release|Any CPU.Build.0 = Release|Any CPU
	EndGlobalSection
	GlobalSection(SolutionProperties) = preSolution
		HideSolutionNode = FALSE
	EndGlobalSection
	GlobalSection(ExtensibilityGlobals) = postSolution
		SolutionGuid = {AB6A9DEA-7668-4D2C-95EE-C19056D56B0C}
	EndGlobalSection
EndGlobal
